{
    "_readme": [
        "This file locks the dependencies of your project to a known state",
        "Read more about it at https://getcomposer.org/doc/01-basic-usage.md#composer-lock-the-lock-file",
        "This file is @generated automatically"
    ],
    "content-hash": "912786160baee456659607f9fcf6c812",
    "packages": [
        {
            "name": "components/jquery",
            "version": "3.1.1",
            "source": {
                "type": "git",
                "url": "https://github.com/components/jquery.git",
                "reference": "09a1658378bc1f818856086396ebeab7d0ec2276"
            },
            "dist": {
                "type": "zip",
                "url": "https://api.github.com/repos/components/jquery/zipball/09a1658378bc1f818856086396ebeab7d0ec2276",
                "reference": "09a1658378bc1f818856086396ebeab7d0ec2276",
                "shasum": ""
            },
            "type": "component",
            "extra": {
                "component": {
                    "scripts": [
                        "jquery.js"
                    ],
                    "files": [
                        "jquery.min.js",
                        "jquery.min.map"
                    ]
                }
            },
            "notification-url": "https://packagist.org/downloads/",
            "license": [
                "MIT"
            ],
            "authors": [
                {
                    "name": "John Resig",
                    "email": "jeresig@gmail.com"
                }
            ],
            "description": "jQuery JavaScript Library",
            "homepage": "http://jquery.com",
            "time": "2016-09-23T06:06:29+00:00"
        },
        {
            "name": "newerton/jquery-mousewheel",
            "version": "dev-master",
            "source": {
                "type": "git",
                "url": "https://github.com/newerton/jquery-mousewheel.git",
                "reference": "a0bc82aca013487261633a8c608c36a1a6a41beb"
            },
            "dist": {
                "type": "zip",
                "url": "https://api.github.com/repos/newerton/jquery-mousewheel/zipball/a0bc82aca013487261633a8c608c36a1a6a41beb",
                "reference": "a0bc82aca013487261633a8c608c36a1a6a41beb",
                "shasum": ""
            },
            "type": "library",
            "notification-url": "https://packagist.org/downloads/",
            "license": [
                "BSD-3-Clause"
            ],
            "authors": [
                {
                    "name": "Newerton Vargas de Araujo",
                    "homepage": "http://newerton.com.br",
                    "role": "Developer / Freelancer"
                }
            ],
            "description": "A jQuery plugin that adds cross-browser mouse wheel support.",
            "homepage": "https://github.com/brandonaaron/jquery-mousewheel",
            "keywords": [
                "jquery",
                "mouse",
                "mousewheel",
                "wheel"
            ],
            "time": "2015-05-07 14:16:29"
        }
    ],
    "packages-dev": [],
    "aliases": [],
    "minimum-stability": "dev",
    "stability-flags": {
        "newerton/jquery-mousewheel": 20
    },
    "prefer-stable": false,
    "prefer-lowest": false,
    "platform": [],
    "platform-dev": []
}
